
Microsoft Visual Studio Solution File, Format Version 12.00
# Visual Studio Version 17
VisualStudioVersion = 17.0.31912.275
MinimumVisualStudioVersion = 10.0.40219.1
Project("{FAE04EC0-301F-11D3-BF4B-00C04F79EFBC}") = "PhantomVault.Core", "src\Core\PhantomVault.Core.csproj", "{C0C1AD42-5E3F-4BA9-9877-9F7A2B01A1CB}"
EndProject
Project("{FAE04EC0-301F-11D3-BF4B-00C04F79EFBC}") = "PhantomVault.UI", "src\UI.Desktop\PhantomVault.UI.csproj", "{7BE44847-946C-4F16-86EF-5E40468FBB23}"
EndProject
Project("{2150E333-8FDC-42A3-9474-1A3956D46DE8}") = "src", "src", "{48DE4593-6A9B-48D2-8DD0-4F50AAB72470}"
EndProject
Project("{FAE04EC0-301F-11D3-BF4B-00C04F79EFBC}") = "PhantomVault.Autofill", "src\Autofill\PhantomVault.Autofill.csproj", "{F367AD26-60ED-4A8C-B9C4-826E91B280F9}"
EndProject
Project("{FAE04EC0-301F-11D3-BF4B-00C04F79EFBC}") = "PhantomVault.Platform", "src\Platform\PhantomVault.Platform.csproj", "{F67424FF-8577-4AB1-829C-74664551F5C8}"
EndProject
Project("{2150E333-8FDC-42A3-9474-1A3956D46DE8}") = "PrivilegedBroker", "PrivilegedBroker", "{FC8A04E6-1367-8D8F-3AF2-3DA973F25D56}"
EndProject
Project("{FAE04EC0-301F-11D3-BF4B-00C04F79EFBC}") = "PhantomVault.PrivilegedBroker", "src\PrivilegedBroker\PhantomVault.PrivilegedBroker.csproj", "{7244A22C-063C-4413-948F-6C7771078286}"
EndProject
Project("{2150E333-8FDC-42A3-9474-1A3956D46DE8}") = "Core", "Core", "{FE2572DF-E9D5-4552-6EB5-764A581A3FD0}"
EndProject
Project("{2150E333-8FDC-42A3-9474-1A3956D46DE8}") = "tests", "tests", "{0AB3BF05-4346-4AA6-1389-037BE0695223}"
EndProject
Project("{FAE04EC0-301F-11D3-BF4B-00C04F79EFBC}") = "PhantomVault.Core.Tests", "tests\PhantomVault.Core.Tests\PhantomVault.Core.Tests.csproj", "{3E75B3A9-1ABA-4877-AB7E-8FD9DC8047D2}"
EndProject
Project("{2150E333-8FDC-42A3-9474-1A3956D46DE8}") = "Crypto", "Crypto", "{64FB6A19-813F-CBE6-4DDA-7722F9EE422E}"
EndProject
Project("{FAE04EC0-301F-11D3-BF4B-00C04F79EFBC}") = "GiblexVault.Security.ZK", "src\Crypto\GiblexVault.Security.ZK.csproj", "{DF1132F2-5958-44E7-831F-DA73CF1A119C}"
EndProject
Project("{FAE04EC0-301F-11D3-BF4B-00C04F79EFBC}") = "PhantomVault.UI.Tests", "tests\PhantomVault.UI.Tests\PhantomVault.UI.Tests.csproj", "{6CB1379F-6737-408B-BF3A-B3966C186B00}"
EndProject
Project("{2150E333-8FDC-42A3-9474-1A3956D46DE8}") = "UI.Desktop", "UI.Desktop", "{85793778-5D76-AC3A-CA48-96A81AC0CFEB}"
EndProject
Global
	GlobalSection(SolutionConfigurationPlatforms) = preSolution
		Debug|Any CPU = Debug|Any CPU
		Debug|x64 = Debug|x64
		Debug|x86 = Debug|x86
		Release|Any CPU = Release|Any CPU
		Release|x64 = Release|x64
		Release|x86 = Release|x86
	EndGlobalSection
	GlobalSection(ProjectConfigurationPlatforms) = postSolution
		{C0C1AD42-5E3F-4BA9-9877-9F7A2B01A1CB}.Debug|Any CPU.ActiveCfg = Debug|Any CPU
		{C0C1AD42-5E3F-4BA9-9877-9F7A2B01A1CB}.Debug|Any CPU.Build.0 = Debug|Any CPU
		{C0C1AD42-5E3F-4BA9-9877-9F7A2B01A1CB}.Debug|x64.ActiveCfg = Debug|Any CPU
		{C0C1AD42-5E3F-4BA9-9877-9F7A2B01A1CB}.Debug|x64.Build.0 = Debug|Any CPU
		{C0C1AD42-5E3F-4BA9-9877-9F7A2B01A1CB}.Debug|x86.ActiveCfg = Debug|Any CPU
		{C0C1AD42-5E3F-4BA9-9877-9F7A2B01A1CB}.Debug|x86.Build.0 = Debug|Any CPU
		{C0C1AD42-5E3F-4BA9-9877-9F7A2B01A1CB}.Release|Any CPU.ActiveCfg = Release|Any CPU
		{C0C1AD42-5E3F-4BA9-9877-9F7A2B01A1CB}.Release|Any CPU.Build.0 = Release|Any CPU
		{C0C1AD42-5E3F-4BA9-9877-9F7A2B01A1CB}.Release|x64.ActiveCfg = Release|Any CPU
		{C0C1AD42-5E3F-4BA9-9877-9F7A2B01A1CB}.Release|x64.Build.0 = Release|Any CPU
		{C0C1AD42-5E3F-4BA9-9877-9F7A2B01A1CB}.Release|x86.ActiveCfg = Release|Any CPU
		{C0C1AD42-5E3F-4BA9-9877-9F7A2B01A1CB}.Release|x86.Build.0 = Release|Any CPU
		{7BE44847-946C-4F16-86EF-5E40468FBB23}.Debug|Any CPU.ActiveCfg = Debug|Any CPU
		{7BE44847-946C-4F16-86EF-5E40468FBB23}.Debug|Any CPU.Build.0 = Debug|Any CPU
		{7BE44847-946C-4F16-86EF-5E40468FBB23}.Debug|x64.ActiveCfg = Debug|Any CPU
		{7BE44847-946C-4F16-86EF-5E40468FBB23}.Debug|x64.Build.0 = Debug|Any CPU
		{7BE44847-946C-4F16-86EF-5E40468FBB23}.Debug|x86.ActiveCfg = Debug|Any CPU
		{7BE44847-946C-4F16-86EF-5E40468FBB23}.Debug|x86.Build.0 = Debug|Any CPU
		{7BE44847-946C-4F16-86EF-5E40468FBB23}.Release|Any CPU.ActiveCfg = Release|Any CPU
		{7BE44847-946C-4F16-86EF-5E40468FBB23}.Release|Any CPU.Build.0 = Release|Any CPU
		{7BE44847-946C-4F16-86EF-5E40468FBB23}.Release|x64.ActiveCfg = Release|Any CPU
		{7BE44847-946C-4F16-86EF-5E40468FBB23}.Release|x64.Build.0 = Release|Any CPU
		{7BE44847-946C-4F16-86EF-5E40468FBB23}.Release|x86.ActiveCfg = Release|Any CPU
		{7BE44847-946C-4F16-86EF-5E40468FBB23}.Release|x86.Build.0 = Release|Any CPU
		{F367AD26-60ED-4A8C-B9C4-826E91B280F9}.Debug|Any CPU.ActiveCfg = Debug|Any CPU
		{F367AD26-60ED-4A8C-B9C4-826E91B280F9}.Debug|Any CPU.Build.0 = Debug|Any CPU
		{F367AD26-60ED-4A8C-B9C4-826E91B280F9}.Debug|x64.ActiveCfg = Debug|Any CPU
		{F367AD26-60ED-4A8C-B9C4-826E91B280F9}.Debug|x64.Build.0 = Debug|Any CPU
		{F367AD26-60ED-4A8C-B9C4-826E91B280F9}.Debug|x86.ActiveCfg = Debug|Any CPU
		{F367AD26-60ED-4A8C-B9C4-826E91B280F9}.Debug|x86.Build.0 = Debug|Any CPU
		{F367AD26-60ED-4A8C-B9C4-826E91B280F9}.Release|Any CPU.ActiveCfg = Release|Any CPU
		{F367AD26-60ED-4A8C-B9C4-826E91B280F9}.Release|Any CPU.Build.0 = Release|Any CPU
		{F367AD26-60ED-4A8C-B9C4-826E91B280F9}.Release|x64.ActiveCfg = Release|Any CPU
		{F367AD26-60ED-4A8C-B9C4-826E91B280F9}.Release|x64.Build.0 = Release|Any CPU
		{F367AD26-60ED-4A8C-B9C4-826E91B280F9}.Release|x86.ActiveCfg = Release|Any CPU
		{F367AD26-60ED-4A8C-B9C4-826E91B280F9}.Release|x86.Build.0 = Release|Any CPU
		{F67424FF-8577-4AB1-829C-74664551F5C8}.Debug|Any CPU.ActiveCfg = Debug|Any CPU
		{F67424FF-8577-4AB1-829C-74664551F5C8}.Debug|Any CPU.Build.0 = Debug|Any CPU
		{F67424FF-8577-4AB1-829C-74664551F5C8}.Debug|x64.ActiveCfg = Debug|Any CPU
		{F67424FF-8577-4AB1-829C-74664551F5C8}.Debug|x64.Build.0 = Debug|Any CPU
		{F67424FF-8577-4AB1-829C-74664551F5C8}.Debug|x86.ActiveCfg = Debug|Any CPU
		{F67424FF-8577-4AB1-829C-74664551F5C8}.Debug|x86.Build.0 = Debug|Any CPU
		{F67424FF-8577-4AB1-829C-74664551F5C8}.Release|Any CPU.ActiveCfg = Release|Any CPU
		{F67424FF-8577-4AB1-829C-74664551F5C8}.Release|Any CPU.Build.0 = Release|Any CPU
		{F67424FF-8577-4AB1-829C-74664551F5C8}.Release|x64.ActiveCfg = Release|Any CPU
		{F67424FF-8577-4AB1-829C-74664551F5C8}.Release|x64.Build.0 = Release|Any CPU
		{F67424FF-8577-4AB1-829C-74664551F5C8}.Release|x86.ActiveCfg = Release|Any CPU
		{F67424FF-8577-4AB1-829C-74664551F5C8}.Release|x86.Build.0 = Release|Any CPU
		{7244A22C-063C-4413-948F-6C7771078286}.Debug|Any CPU.ActiveCfg = Debug|Any CPU
		{7244A22C-063C-4413-948F-6C7771078286}.Debug|Any CPU.Build.0 = Debug|Any CPU
		{7244A22C-063C-4413-948F-6C7771078286}.Debug|x64.ActiveCfg = Debug|Any CPU
		{7244A22C-063C-4413-948F-6C7771078286}.Debug|x64.Build.0 = Debug|Any CPU
		{7244A22C-063C-4413-948F-6C7771078286}.Debug|x86.ActiveCfg = Debug|Any CPU
		{7244A22C-063C-4413-948F-6C7771078286}.Debug|x86.Build.0 = Debug|Any CPU
		{7244A22C-063C-4413-948F-6C7771078286}.Release|Any CPU.ActiveCfg = Release|Any CPU
		{7244A22C-063C-4413-948F-6C7771078286}.Release|Any CPU.Build.0 = Release|Any CPU
		{7244A22C-063C-4413-948F-6C7771078286}.Release|x64.ActiveCfg = Release|Any CPU
		{7244A22C-063C-4413-948F-6C7771078286}.Release|x64.Build.0 = Release|Any CPU
		{7244A22C-063C-4413-948F-6C7771078286}.Release|x86.ActiveCfg = Release|Any CPU
		{7244A22C-063C-4413-948F-6C7771078286}.Release|x86.Build.0 = Release|Any CPU
		{3E75B3A9-1ABA-4877-AB7E-8FD9DC8047D2}.Debug|Any CPU.ActiveCfg = Debug|Any CPU
		{3E75B3A9-1ABA-4877-AB7E-8FD9DC8047D2}.Debug|Any CPU.Build.0 = Debug|Any CPU
		{3E75B3A9-1ABA-4877-AB7E-8FD9DC8047D2}.Debug|x64.ActiveCfg = Debug|Any CPU
		{3E75B3A9-1ABA-4877-AB7E-8FD9DC8047D2}.Debug|x64.Build.0 = Debug|Any CPU
		{3E75B3A9-1ABA-4877-AB7E-8FD9DC8047D2}.Debug|x86.ActiveCfg = Debug|Any CPU
		{3E75B3A9-1ABA-4877-AB7E-8FD9DC8047D2}.Debug|x86.Build.0 = Debug|Any CPU
		{3E75B3A9-1ABA-4877-AB7E-8FD9DC8047D2}.Release|Any CPU.ActiveCfg = Release|Any CPU
		{3E75B3A9-1ABA-4877-AB7E-8FD9DC8047D2}.Release|Any CPU.Build.0 = Release|Any CPU
		{3E75B3A9-1ABA-4877-AB7E-8FD9DC8047D2}.Release|x64.ActiveCfg = Release|Any CPU
		{3E75B3A9-1ABA-4877-AB7E-8FD9DC8047D2}.Release|x64.Build.0 = Release|Any CPU
		{3E75B3A9-1ABA-4877-AB7E-8FD9DC8047D2}.Release|x86.ActiveCfg = Release|Any CPU
		{3E75B3A9-1ABA-4877-AB7E-8FD9DC8047D2}.Release|x86.Build.0 = Release|Any CPU
		{DF1132F2-5958-44E7-831F-DA73CF1A119C}.Debug|Any CPU.ActiveCfg = Debug|Any CPU
		{DF1132F2-5958-44E7-831F-DA73CF1A119C}.Debug|Any CPU.Build.0 = Debug|Any CPU
		{DF1132F2-5958-44E7-831F-DA73CF1A119C}.Debug|x64.ActiveCfg = Debug|Any CPU
		{DF1132F2-5958-44E7-831F-DA73CF1A119C}.Debug|x64.Build.0 = Debug|Any CPU
		{DF1132F2-5958-44E7-831F-DA73CF1A119C}.Debug|x86.ActiveCfg = Debug|Any CPU
		{DF1132F2-5958-44E7-831F-DA73CF1A119C}.Debug|x86.Build.0 = Debug|Any CPU
		{DF1132F2-5958-44E7-831F-DA73CF1A119C}.Release|Any CPU.ActiveCfg = Release|Any CPU
		{DF1132F2-5958-44E7-831F-DA73CF1A119C}.Release|Any CPU.Build.0 = Release|Any CPU
		{DF1132F2-5958-44E7-831F-DA73CF1A119C}.Release|x64.ActiveCfg = Release|Any CPU
		{DF1132F2-5958-44E7-831F-DA73CF1A119C}.Release|x64.Build.0 = Release|Any CPU
		{DF1132F2-5958-44E7-831F-DA73CF1A119C}.Release|x86.ActiveCfg = Release|Any CPU
		{DF1132F2-5958-44E7-831F-DA73CF1A119C}.Release|x86.Build.0 = Release|Any CPU
		{6CB1379F-6737-408B-BF3A-B3966C186B00}.Debug|Any CPU.ActiveCfg = Debug|Any CPU
		{6CB1379F-6737-408B-BF3A-B3966C186B00}.Debug|Any CPU.Build.0 = Debug|Any CPU
		{6CB1379F-6737-408B-BF3A-B3966C186B00}.Debug|x64.ActiveCfg = Debug|Any CPU
		{6CB1379F-6737-408B-BF3A-B3966C186B00}.Debug|x64.Build.0 = Debug|Any CPU
		{6CB1379F-6737-408B-BF3A-B3966C186B00}.Debug|x86.ActiveCfg = Debug|Any CPU
		{6CB1379F-6737-408B-BF3A-B3966C186B00}.Debug|x86.Build.0 = Debug|Any CPU
		{6CB1379F-6737-408B-BF3A-B3966C186B00}.Release|Any CPU.ActiveCfg = Release|Any CPU
		{6CB1379F-6737-408B-BF3A-B3966C186B00}.Release|Any CPU.Build.0 = Release|Any CPU
		{6CB1379F-6737-408B-BF3A-B3966C186B00}.Release|x64.ActiveCfg = Release|Any CPU
		{6CB1379F-6737-408B-BF3A-B3966C186B00}.Release|x64.Build.0 = Release|Any CPU
		{6CB1379F-6737-408B-BF3A-B3966C186B00}.Release|x86.ActiveCfg = Release|Any CPU
		{6CB1379F-6737-408B-BF3A-B3966C186B00}.Release|x86.Build.0 = Release|Any CPU
	EndGlobalSection
	GlobalSection(SolutionProperties) = preSolution
		HideSolutionNode = FALSE
	EndGlobalSection
	GlobalSection(NestedProjects) = preSolution
		{F367AD26-60ED-4A8C-B9C4-826E91B280F9} = {48DE4593-6A9B-48D2-8DD0-4F50AAB72470}
		{F67424FF-8577-4AB1-829C-74664551F5C8} = {48DE4593-6A9B-48D2-8DD0-4F50AAB72470}
		{FC8A04E6-1367-8D8F-3AF2-3DA973F25D56} = {48DE4593-6A9B-48D2-8DD0-4F50AAB72470}
		{7244A22C-063C-4413-948F-6C7771078286} = {FC8A04E6-1367-8D8F-3AF2-3DA973F25D56}
		{FE2572DF-E9D5-4552-6EB5-764A581A3FD0} = {48DE4593-6A9B-48D2-8DD0-4F50AAB72470}
		{3E75B3A9-1ABA-4877-AB7E-8FD9DC8047D2} = {0AB3BF05-4346-4AA6-1389-037BE0695223}
		{64FB6A19-813F-CBE6-4DDA-7722F9EE422E} = {48DE4593-6A9B-48D2-8DD0-4F50AAB72470}
		{DF1132F2-5958-44E7-831F-DA73CF1A119C} = {64FB6A19-813F-CBE6-4DDA-7722F9EE422E}
		{6CB1379F-6737-408B-BF3A-B3966C186B00} = {0AB3BF05-4346-4AA6-1389-037BE0695223}
		{85793778-5D76-AC3A-CA48-96A81AC0CFEB} = {48DE4593-6A9B-48D2-8DD0-4F50AAB72470}
	EndGlobalSection
EndGlobal
