Microsoft Visual Studio Solution File, Format Version 12.00
# Visual Studio Version 17
VisualStudioVersion = 17.5.2.0
MinimumVisualStudioVersion = 10.0.40219.1
Project("{FAE04EC0-301F-11D3-BF4B-00C04F79EFBC}") = "Obscura.Keysmith", "Obscura.Keysmith\Obscura.Keysmith.csproj", "{AE688A42-E7B2-D1C3-26B6-66AF37BCF66C}"
EndProject
Global
	GlobalSection(SolutionConfigurationPlatforms) = preSolution
		Debug|Any CPU = Debug|Any CPU
		Release|Any CPU = Release|Any CPU
	EndGlobalSection
	GlobalSection(ProjectConfigurationPlatforms) = postSolution
		{AE688A42-E7B2-D1C3-26B6-66AF37BCF66C}.Debug|Any CPU.ActiveCfg = Debug|Any CPU
		{AE688A42-E7B2-D1C3-26B6-66AF37BCF66C}.Debug|Any CPU.Build.0 = Debug|Any CPU
		{AE688A42-E7B2-D1C3-26B6-66AF37BCF66C}.Release|Any CPU.ActiveCfg = Release|Any CPU
		{AE688A42-E7B2-D1C3-26B6-66AF37BCF66C}.Release|Any CPU.Build.0 = Release|Any CPU
	EndGlobalSection
	GlobalSection(SolutionProperties) = preSolution
		HideSolutionNode = FALSE
	EndGlobalSection
	GlobalSection(ExtensibilityGlobals) = postSolution
		SolutionGuid = {E71364F6-2540-444A-9421-138CF2E4D2A4}
	EndGlobalSection
EndGlobal
